
Microsoft Visual Studio Solution File, Format Version 12.00
# Visual Studio Version 17
VisualStudioVersion = 17.0.32112.339
MinimumVisualStudioVersion = 10.0.40219.1
Project("{888888A0-9F3D-457C-B088-3A5042F75D52}") = "face-matcher", "smile-detector\face-matcher.pyproj", "{4386BDC2-0FDE-49B4-ADA2-76F6B6478768}"
EndProject
Global
	GlobalSection(SolutionConfigurationPlatforms) = preSolution
		Debug|Any CPU = Debug|Any CPU
		Release|Any CPU = Release|Any CPU
	EndGlobalSection
	GlobalSection(ProjectConfigurationPlatforms) = postSolution
		{4386BDC2-0FDE-49B4-ADA2-76F6B6478768}.Debug|Any CPU.ActiveCfg = Debug|Any CPU
		{4386BDC2-0FDE-49B4-ADA2-76F6B6478768}.Release|Any CPU.ActiveCfg = Release|Any CPU
	EndGlobalSection
	GlobalSection(SolutionProperties) = preSolution
		HideSolutionNode = FALSE
	EndGlobalSection
	GlobalSection(ExtensibilityGlobals) = postSolution
		SolutionGuid = {6237DF2F-F266-4D6C-9CC2-B7DFAF99CFA5}
	EndGlobalSection
EndGlobal
